
Microsoft Visual Studio Solution File, Format Version 12.00
# Visual Studio Version 17
VisualStudioVersion = 17.12.35707.178 d17.12
MinimumVisualStudioVersion = 10.0.40219.1
Project("{FAE04EC0-301F-11D3-BF4B-00C04F79EFBC}") = "MinhaApp.Dominio", "MinhaApp.Dominio\MinhaApp.Dominio.csproj", "{273B4B45-91D0-4122-A585-EE3410FB72F6}"
EndProject
Project("{FAE04EC0-301F-11D3-BF4B-00C04F79EFBC}") = "MinhApp.Repositorio", "MinhApp.Repositorio\MinhApp.Repositorio.csproj", "{A4C9B13C-2216-4E68-9987-F7E77D56D253}"
EndProject
Project("{FAE04EC0-301F-11D3-BF4B-00C04F79EFBC}") = "MinhaApp.Servico", "MinhaApp.Servico\MinhaApp.Servico.csproj", "{3C85F11C-DE0D-4B0F-A1BF-5D120637DC69}"
EndProject
Project("{FAE04EC0-301F-11D3-BF4B-00C04F79EFBC}") = "MinhaApp.WebAPI", "MinhaApp.WebAPI\MinhaApp.WebAPI.csproj", "{22EE68DC-83F5-48CF-ADCD-E652C42F6935}"
EndProject
Global
	GlobalSection(SolutionConfigurationPlatforms) = preSolution
		Debug|Any CPU = Debug|Any CPU
		Release|Any CPU = Release|Any CPU
	EndGlobalSection
	GlobalSection(ProjectConfigurationPlatforms) = postSolution
		{273B4B45-91D0-4122-A585-EE3410FB72F6}.Debug|Any CPU.ActiveCfg = Debug|Any CPU
		{273B4B45-91D0-4122-A585-EE3410FB72F6}.Debug|Any CPU.Build.0 = Debug|Any CPU
		{273B4B45-91D0-4122-A585-EE3410FB72F6}.Release|Any CPU.ActiveCfg = Release|Any CPU
		{273B4B45-91D0-4122-A585-EE3410FB72F6}.Release|Any CPU.Build.0 = Release|Any CPU
		{A4C9B13C-2216-4E68-9987-F7E77D56D253}.Debug|Any CPU.ActiveCfg = Debug|Any CPU
		{A4C9B13C-2216-4E68-9987-F7E77D56D253}.Debug|Any CPU.Build.0 = Debug|Any CPU
		{A4C9B13C-2216-4E68-9987-F7E77D56D253}.Release|Any CPU.ActiveCfg = Release|Any CPU
		{A4C9B13C-2216-4E68-9987-F7E77D56D253}.Release|Any CPU.Build.0 = Release|Any CPU
		{3C85F11C-DE0D-4B0F-A1BF-5D120637DC69}.Debug|Any CPU.ActiveCfg = Debug|Any CPU
		{3C85F11C-DE0D-4B0F-A1BF-5D120637DC69}.Debug|Any CPU.Build.0 = Debug|Any CPU
		{3C85F11C-DE0D-4B0F-A1BF-5D120637DC69}.Release|Any CPU.ActiveCfg = Release|Any CPU
		{3C85F11C-DE0D-4B0F-A1BF-5D120637DC69}.Release|Any CPU.Build.0 = Release|Any CPU
		{22EE68DC-83F5-48CF-ADCD-E652C42F6935}.Debug|Any CPU.ActiveCfg = Debug|Any CPU
		{22EE68DC-83F5-48CF-ADCD-E652C42F6935}.Debug|Any CPU.Build.0 = Debug|Any CPU
		{22EE68DC-83F5-48CF-ADCD-E652C42F6935}.Release|Any CPU.ActiveCfg = Release|Any CPU
		{22EE68DC-83F5-48CF-ADCD-E652C42F6935}.Release|Any CPU.Build.0 = Release|Any CPU
	EndGlobalSection
	GlobalSection(SolutionProperties) = preSolution
		HideSolutionNode = FALSE
	EndGlobalSection
EndGlobal
